
Microsoft Visual Studio Solution File, Format Version 12.00
# Visual Studio Version 16
VisualStudioVersion = 16.0.33214.272
MinimumVisualStudioVersion = 10.0.40219.1
Project("{FAE04EC0-301F-11D3-BF4B-00C04F79EFBC}") = "MP3Extractor", "mp3extractor\MP3Extractor.csproj", "{10ABE930-841A-40C3-B1CD-ECB63FB9CEA8}"
EndProject
Project("{54435603-DBB4-11D2-8724-00A0C9A8B90C}") = "Setup", "Setup\Setup.vdproj", "{393B25AA-0D06-4511-BD43-F53D80C21C7A}"
EndProject
Global
	GlobalSection(SolutionConfigurationPlatforms) = preSolution
		Debug|Any CPU = Debug|Any CPU
		Release|Any CPU = Release|Any CPU
	EndGlobalSection
	GlobalSection(ProjectConfigurationPlatforms) = postSolution
		{10ABE930-841A-40C3-B1CD-ECB63FB9CEA8}.Debug|Any CPU.ActiveCfg = Release|Any CPU
		{10ABE930-841A-40C3-B1CD-ECB63FB9CEA8}.Debug|Any CPU.Build.0 = Release|Any CPU
		{10ABE930-841A-40C3-B1CD-ECB63FB9CEA8}.Release|Any CPU.ActiveCfg = Release|Any CPU
		{10ABE930-841A-40C3-B1CD-ECB63FB9CEA8}.Release|Any CPU.Build.0 = Release|Any CPU
		{393B25AA-0D06-4511-BD43-F53D80C21C7A}.Debug|Any CPU.ActiveCfg = Debug
		{393B25AA-0D06-4511-BD43-F53D80C21C7A}.Release|Any CPU.ActiveCfg = Release
	EndGlobalSection
	GlobalSection(SolutionProperties) = preSolution
		HideSolutionNode = FALSE
	EndGlobalSection
	GlobalSection(ExtensibilityGlobals) = postSolution
		SolutionGuid = {93C6FE3C-4653-4AE2-B163-AA4A086525DF}
	EndGlobalSection
EndGlobal
